
Microsoft Visual Studio Solution File, Format Version 12.00
# Visual Studio Version 16
VisualStudioVersion = 16.0.30320.27
MinimumVisualStudioVersion = 10.0.40219.1
Project("{FAE04EC0-301F-11D3-BF4B-00C04F79EFBC}") = "myScheduler", "myScheduler.csproj", "{A6129DE1-8BF2-4D60-9552-2B054B411D0D}"
EndProject
Global
	GlobalSection(SolutionConfigurationPlatforms) = preSolution
		Debug|Any CPU = Debug|Any CPU
		Release|Any CPU = Release|Any CPU
	EndGlobalSection
	GlobalSection(ProjectConfigurationPlatforms) = postSolution
		{A6129DE1-8BF2-4D60-9552-2B054B411D0D}.Debug|Any CPU.ActiveCfg = Debug|Any CPU
		{A6129DE1-8BF2-4D60-9552-2B054B411D0D}.Debug|Any CPU.Build.0 = Debug|Any CPU
		{A6129DE1-8BF2-4D60-9552-2B054B411D0D}.Release|Any CPU.ActiveCfg = Release|Any CPU
		{A6129DE1-8BF2-4D60-9552-2B054B411D0D}.Release|Any CPU.Build.0 = Release|Any CPU
	EndGlobalSection
	GlobalSection(SolutionProperties) = preSolution
		HideSolutionNode = FALSE
	EndGlobalSection
	GlobalSection(ExtensibilityGlobals) = postSolution
		SolutionGuid = {FF0F2BB8-4713-43EB-ABC6-AE3567F78CDA}
	EndGlobalSection
EndGlobal
